
Microsoft Visual Studio Solution File, Format Version 12.00
# Visual Studio Version 17
VisualStudioVersion = 17.5.33424.131
MinimumVisualStudioVersion = 10.0.40219.1
Project("{FAE04EC0-301F-11D3-BF4B-00C04F79EFBC}") = "Wheather.Android", "Wheather\Wheather.Android\Wheather.Android.csproj", "{4750C5C3-8780-4D5A-BBEA-C4BDE056CC55}"
EndProject
Project("{FAE04EC0-301F-11D3-BF4B-00C04F79EFBC}") = "Wheather", "Wheather\Wheather\Wheather.csproj", "{97CE2800-2C00-43E8-ACC1-9CD9CB9ADDDB}"
EndProject
Global
	GlobalSection(SolutionConfigurationPlatforms) = preSolution
		Debug|Any CPU = Debug|Any CPU
		Release|Any CPU = Release|Any CPU
	EndGlobalSection
	GlobalSection(ProjectConfigurationPlatforms) = postSolution
		{4750C5C3-8780-4D5A-BBEA-C4BDE056CC55}.Debug|Any CPU.ActiveCfg = Debug|Any CPU
		{4750C5C3-8780-4D5A-BBEA-C4BDE056CC55}.Debug|Any CPU.Build.0 = Debug|Any CPU
		{4750C5C3-8780-4D5A-BBEA-C4BDE056CC55}.Debug|Any CPU.Deploy.0 = Debug|Any CPU
		{4750C5C3-8780-4D5A-BBEA-C4BDE056CC55}.Release|Any CPU.ActiveCfg = Release|Any CPU
		{4750C5C3-8780-4D5A-BBEA-C4BDE056CC55}.Release|Any CPU.Build.0 = Release|Any CPU
		{4750C5C3-8780-4D5A-BBEA-C4BDE056CC55}.Release|Any CPU.Deploy.0 = Release|Any CPU
		{97CE2800-2C00-43E8-ACC1-9CD9CB9ADDDB}.Debug|Any CPU.ActiveCfg = Debug|Any CPU
		{97CE2800-2C00-43E8-ACC1-9CD9CB9ADDDB}.Debug|Any CPU.Build.0 = Debug|Any CPU
		{97CE2800-2C00-43E8-ACC1-9CD9CB9ADDDB}.Debug|Any CPU.Deploy.0 = Debug|Any CPU
		{97CE2800-2C00-43E8-ACC1-9CD9CB9ADDDB}.Release|Any CPU.ActiveCfg = Release|Any CPU
		{97CE2800-2C00-43E8-ACC1-9CD9CB9ADDDB}.Release|Any CPU.Build.0 = Release|Any CPU
		{97CE2800-2C00-43E8-ACC1-9CD9CB9ADDDB}.Release|Any CPU.Deploy.0 = Release|Any CPU
	EndGlobalSection
	GlobalSection(SolutionProperties) = preSolution
		HideSolutionNode = FALSE
	EndGlobalSection
	GlobalSection(ExtensibilityGlobals) = postSolution
		SolutionGuid = {7D954019-41CF-4C91-9E63-4AD9E29CC145}
	EndGlobalSection
EndGlobal
